// !$*UTF8*$!
{
	archiveVersion = 1;
	classes = {
	};
	objectVersion = 46;
	objects = {

/* Begin PBXBuildFile section */
		692721601DE533C00066B757 /* UIViewController.swift in Sources */ = {isa = PBXBuildFile; fileRef = 6927215F1DE533C00066B757 /* UIViewController.swift */; };
		692728021DE93F5B001AC4A6 /* Item+CoreDataClass.swift in Sources */ = {isa = PBXBuildFile; fileRef = 692728001DE93F5B001AC4A6 /* Item+CoreDataClass.swift */; };
		692728031DE93F5B001AC4A6 /* Item+CoreDataProperties.swift in Sources */ = {isa = PBXBuildFile; fileRef = 692728011DE93F5B001AC4A6 /* Item+CoreDataProperties.swift */; };
		692781BD1DE2C21600D27B5E /* AppDelegate.swift in Sources */ = {isa = PBXBuildFile; fileRef = 692781BC1DE2C21600D27B5E /* AppDelegate.swift */; };
		692781BF1DE2C21600D27B5E /* ViewController.swift in Sources */ = {isa = PBXBuildFile; fileRef = 692781BE1DE2C21600D27B5E /* ViewController.swift */; };
		692781C21DE2C21600D27B5E /* Main.storyboard in Resources */ = {isa = PBXBuildFile; fileRef = 692781C01DE2C21600D27B5E /* Main.storyboard */; };
		692781C51DE2C21600D27B5E /* MyNotes.xcdatamodeld in Sources */ = {isa = PBXBuildFile; fileRef = 692781C31DE2C21600D27B5E /* MyNotes.xcdatamodeld */; };
		692781C71DE2C21600D27B5E /* Assets.xcassets in Resources */ = {isa = PBXBuildFile; fileRef = 692781C61DE2C21600D27B5E /* Assets.xcassets */; };
		692781CA1DE2C21600D27B5E /* LaunchScreen.storyboard in Resources */ = {isa = PBXBuildFile; fileRef = 692781C81DE2C21600D27B5E /* LaunchScreen.storyboard */; };
		692781D21DE2CF9A00D27B5E /* ToDoCellTableViewCell.swift in Sources */ = {isa = PBXBuildFile; fileRef = 692781D11DE2CF9900D27B5E /* ToDoCellTableViewCell.swift */; };
		692781D41DE2D15600D27B5E /* AddToDoViewController.swift in Sources */ = {isa = PBXBuildFile; fileRef = 692781D31DE2D15600D27B5E /* AddToDoViewController.swift */; };
		6931DAE41DEA672100B5AB6C /* CustomCollectionViewCell.swift in Sources */ = {isa = PBXBuildFile; fileRef = 6931DAE31DEA672100B5AB6C /* CustomCollectionViewCell.swift */; };
		6931DAE71DEA7D9B00B5AB6C /* AppConstants.swift in Sources */ = {isa = PBXBuildFile; fileRef = 6931DAE61DEA7D9B00B5AB6C /* AppConstants.swift */; };
		693AB44D1DEE76510016972F /* ImageMapViewController.swift in Sources */ = {isa = PBXBuildFile; fileRef = 693AB44C1DEE76500016972F /* ImageMapViewController.swift */; };
/* End PBXBuildFile section */

/* Begin PBXFileReference section */
		6927215F1DE533C00066B757 /* UIViewController.swift */ = {isa = PBXFileReference; fileEncoding = 4; lastKnownFileType = sourcecode.swift; path = UIViewController.swift; sourceTree = "<group>"; };
		692728001DE93F5B001AC4A6 /* Item+CoreDataClass.swift */ = {isa = PBXFileReference; fileEncoding = 4; lastKnownFileType = sourcecode.swift; name = "Item+CoreDataClass.swift"; path = "models/Item+CoreDataClass.swift"; sourceTree = "<group>"; };
		692728011DE93F5B001AC4A6 /* Item+CoreDataProperties.swift */ = {isa = PBXFileReference; fileEncoding = 4; lastKnownFileType = sourcecode.swift; name = "Item+CoreDataProperties.swift"; path = "models/Item+CoreDataProperties.swift"; sourceTree = "<group>"; };
		692781B91DE2C21600D27B5E /* MyNotes.app */ = {isa = PBXFileReference; explicitFileType = wrapper.application; includeInIndex = 0; path = MyNotes.app; sourceTree = BUILT_PRODUCTS_DIR; };
		692781BC1DE2C21600D27B5E /* AppDelegate.swift */ = {isa = PBXFileReference; lastKnownFileType = sourcecode.swift; path = AppDelegate.swift; sourceTree = "<group>"; };
		692781BE1DE2C21600D27B5E /* ViewController.swift */ = {isa = PBXFileReference; lastKnownFileType = sourcecode.swift; path = ViewController.swift; sourceTree = "<group>"; };
		692781C11DE2C21600D27B5E /* Base */ = {isa = PBXFileReference; lastKnownFileType = file.storyboard; name = Base; path = Base.lproj/Main.storyboard; sourceTree = "<group>"; };
		692781C41DE2C21600D27B5E /* MyNotes.xcdatamodel */ = {isa = PBXFileReference; lastKnownFileType = wrapper.xcdatamodel; path = MyNotes.xcdatamodel; sourceTree = "<group>"; };
		692781C61DE2C21600D27B5E /* Assets.xcassets */ = {isa = PBXFileReference; lastKnownFileType = folder.assetcatalog; path = Assets.xcassets; sourceTree = "<group>"; };
		692781C91DE2C21600D27B5E /* Base */ = {isa = PBXFileReference; lastKnownFileType = file.storyboard; name = Base; path = Base.lproj/LaunchScreen.storyboard; sourceTree = "<group>"; };
		692781CB1DE2C21600D27B5E /* Info.plist */ = {isa = PBXFileReference; lastKnownFileType = text.plist.xml; path = Info.plist; sourceTree = "<group>"; };
		692781D11DE2CF9900D27B5E /* ToDoCellTableViewCell.swift */ = {isa = PBXFileReference; fileEncoding = 4; lastKnownFileType = sourcecode.swift; path = ToDoCellTableViewCell.swift; sourceTree = "<group>"; };
		692781D31DE2D15600D27B5E /* AddToDoViewController.swift */ = {isa = PBXFileReference; fileEncoding = 4; lastKnownFileType = sourcecode.swift; path = AddToDoViewController.swift; sourceTree = "<group>"; };
		6931DAE31DEA672100B5AB6C /* CustomCollectionViewCell.swift */ = {isa = PBXFileReference; fileEncoding = 4; lastKnownFileType = sourcecode.swift; path = CustomCollectionViewCell.swift; sourceTree = "<group>"; };
		6931DAE61DEA7D9B00B5AB6C /* AppConstants.swift */ = {isa = PBXFileReference; fileEncoding = 4; lastKnownFileType = sourcecode.swift; path = AppConstants.swift; sourceTree = "<group>"; };
		693AB44C1DEE76500016972F /* ImageMapViewController.swift */ = {isa = PBXFileReference; fileEncoding = 4; lastKnownFileType = sourcecode.swift; name = ImageMapViewController.swift; path = extension/ImageMapViewController.swift; sourceTree = "<group>"; };
/* End PBXFileReference section */

/* Begin PBXFrameworksBuildPhase section */
		692781B61DE2C21600D27B5E /* Frameworks */ = {
			isa = PBXFrameworksBuildPhase;
			buildActionMask = 2147483647;
			files = (
			);
			runOnlyForDeploymentPostprocessing = 0;
		};
/* End PBXFrameworksBuildPhase section */

/* Begin PBXGroup section */
		6927215E1DE533970066B757 /* extension */ = {
			isa = PBXGroup;
			children = (
				6927215F1DE533C00066B757 /* UIViewController.swift */,
			);
			path = extension;
			sourceTree = "<group>";
		};
		692727FF1DE93F4B001AC4A6 /* models */ = {
			isa = PBXGroup;
			children = (
				692728001DE93F5B001AC4A6 /* Item+CoreDataClass.swift */,
				692728011DE93F5B001AC4A6 /* Item+CoreDataProperties.swift */,
			);
			name = models;
			sourceTree = "<group>";
		};
		692781B01DE2C21600D27B5E = {
			isa = PBXGroup;
			children = (
				692781BB1DE2C21600D27B5E /* MyNotes */,
				692781BA1DE2C21600D27B5E /* Products */,
			);
			sourceTree = "<group>";
		};
		692781BA1DE2C21600D27B5E /* Products */ = {
			isa = PBXGroup;
			children = (
				692781B91DE2C21600D27B5E /* MyNotes.app */,
			);
			name = Products;
			sourceTree = "<group>";
		};
		692781BB1DE2C21600D27B5E /* MyNotes */ = {
			isa = PBXGroup;
			children = (
				6931DAE51DEA7D7300B5AB6C /* helpers */,
				692727FF1DE93F4B001AC4A6 /* models */,
				6927215E1DE533970066B757 /* extension */,
				692781BC1DE2C21600D27B5E /* AppDelegate.swift */,
				693AB44C1DEE76500016972F /* ImageMapViewController.swift */,
				692781BE1DE2C21600D27B5E /* ViewController.swift */,
				692781D31DE2D15600D27B5E /* AddToDoViewController.swift */,
				6931DAE31DEA672100B5AB6C /* CustomCollectionViewCell.swift */,
				692781C01DE2C21600D27B5E /* Main.storyboard */,
				692781D11DE2CF9900D27B5E /* ToDoCellTableViewCell.swift */,
				692781C61DE2C21600D27B5E /* Assets.xcassets */,
				692781C81DE2C21600D27B5E /* LaunchScreen.storyboard */,
				692781CB1DE2C21600D27B5E /* Info.plist */,
				692781C31DE2C21600D27B5E /* MyNotes.xcdatamodeld */,
			);
			path = MyNotes;
			sourceTree = "<group>";
		};
		6931DAE51DEA7D7300B5AB6C /* helpers */ = {
			isa = PBXGroup;
			children = (
				6931DAE61DEA7D9B00B5AB6C /* AppConstants.swift */,
			);
			path = helpers;
			sourceTree = "<group>";
		};
/* End PBXGroup section */

/* Begin PBXNativeTarget section */
		692781B81DE2C21600D27B5E /* MyNotes */ = {
			isa = PBXNativeTarget;
			buildConfigurationList = 692781CE1DE2C21600D27B5E /* Build configuration list for PBXNativeTarget "MyNotes" */;
			buildPhases = (
				692781B51DE2C21600D27B5E /* Sources */,
				692781B61DE2C21600D27B5E /* Frameworks */,
				692781B71DE2C21600D27B5E /* Resources */,
			);
			buildRules = (
			);
			dependencies = (
			);
			name = MyNotes;
			productName = MyNotes;
			productReference = 692781B91DE2C21600D27B5E /* MyNotes.app */;
			productType = "com.apple.product-type.application";
		};
/* End PBXNativeTarget section */

/* Begin PBXProject section */
		692781B11DE2C21600D27B5E /* Project object */ = {
			isa = PBXProject;
			attributes = {
				LastSwiftUpdateCheck = 0810;
				LastUpgradeCheck = 0810;
				ORGANIZATIONNAME = jay;
				TargetAttributes = {
					692781B81DE2C21600D27B5E = {
						CreatedOnToolsVersion = 8.1;
						ProvisioningStyle = Automatic;
					};
				};
			};
			buildConfigurationList = 692781B41DE2C21600D27B5E /* Build configuration list for PBXProject "MyNotes" */;
			compatibilityVersion = "Xcode 3.2";
			developmentRegion = English;
			hasScannedForEncodings = 0;
			knownRegions = (
				en,
				Base,
			);
			mainGroup = 692781B01DE2C21600D27B5E;
			productRefGroup = 692781BA1DE2C21600D27B5E /* Products */;
			projectDirPath = "";
			projectRoot = "";
			targets = (
				692781B81DE2C21600D27B5E /* MyNotes */,
			);
		};
/* End PBXProject section */

/* Begin PBXResourcesBuildPhase section */
		692781B71DE2C21600D27B5E /* Resources */ = {
			isa = PBXResourcesBuildPhase;
			buildActionMask = 2147483647;
			files = (
				692781CA1DE2C21600D27B5E /* LaunchScreen.storyboard in Resources */,
				692781C71DE2C21600D27B5E /* Assets.xcassets in Resources */,
				692781C21DE2C21600D27B5E /* Main.storyboard in Resources */,
			);
			runOnlyForDeploymentPostprocessing = 0;
		};
/* End PBXResourcesBuildPhase section */

/* Begin PBXSourcesBuildPhase section */
		692781B51DE2C21600D27B5E /* Sources */ = {
			isa = PBXSourcesBuildPhase;
			buildActionMask = 2147483647;
			files = (
				692721601DE533C00066B757 /* UIViewController.swift in Sources */,
				6931DAE41DEA672100B5AB6C /* CustomCollectionViewCell.swift in Sources */,
				692781BF1DE2C21600D27B5E /* ViewController.swift in Sources */,
				6931DAE71DEA7D9B00B5AB6C /* AppConstants.swift in Sources */,
				692781BD1DE2C21600D27B5E /* AppDelegate.swift in Sources */,
				692781D41DE2D15600D27B5E /* AddToDoViewController.swift in Sources */,
				692781C51DE2C21600D27B5E /* MyNotes.xcdatamodeld in Sources */,
				692728031DE93F5B001AC4A6 /* Item+CoreDataProperties.swift in Sources */,
				692728021DE93F5B001AC4A6 /* Item+CoreDataClass.swift in Sources */,
				692781D21DE2CF9A00D27B5E /* ToDoCellTableViewCell.swift in Sources */,
				693AB44D1DEE76510016972F /* ImageMapViewController.swift in Sources */,
			);
			runOnlyForDeploymentPostprocessing = 0;
		};
/* End PBXSourcesBuildPhase section */

/* Begin PBXVariantGroup section */
		692781C01DE2C21600D27B5E /* Main.storyboard */ = {
			isa = PBXVariantGroup;
			children = (
				692781C11DE2C21600D27B5E /* Base */,
			);
			name = Main.storyboard;
			sourceTree = "<group>";
		};
		692781C81DE2C21600D27B5E /* LaunchScreen.storyboard */ = {
			isa = PBXVariantGroup;
			children = (
				692781C91DE2C21600D27B5E /* Base */,
			);
			name = LaunchScreen.storyboard;
			sourceTree = "<group>";
		};
/* End PBXVariantGroup section */

/* Begin XCBuildConfiguration section */
		692781CC1DE2C21600D27B5E /* Debug */ = {
			isa = XCBuildConfiguration;
			buildSettings = {
				ALWAYS_SEARCH_USER_PATHS = NO;
				CLANG_ANALYZER_NONNULL = YES;
				CLANG_CXX_LANGUAGE_STANDARD = "gnu++0x";
				CLANG_CXX_LIBRARY = "libc++";
				CLANG_ENABLE_MODULES = YES;
				CLANG_ENABLE_OBJC_ARC = YES;
				CLANG_WARN_BOOL_CONVERSION = YES;
				CLANG_WARN_CONSTANT_CONVERSION = YES;
				CLANG_WARN_DIRECT_OBJC_ISA_USAGE = YES_ERROR;
				CLANG_WARN_DOCUMENTATION_COMMENTS = YES;
				CLANG_WARN_EMPTY_BODY = YES;
				CLANG_WARN_ENUM_CONVERSION = YES;
				CLANG_WARN_INFINITE_RECURSION = YES;
				CLANG_WARN_INT_CONVERSION = YES;
				CLANG_WARN_OBJC_ROOT_CLASS = YES_ERROR;
				CLANG_WARN_SUSPICIOUS_MOVES = YES;
				CLANG_WARN_UNREACHABLE_CODE = YES;
				CLANG_WARN__DUPLICATE_METHOD_MATCH = YES;
				"CODE_SIGN_IDENTITY[sdk=iphoneos*]" = "iPhone Developer";
				COPY_PHASE_STRIP = NO;
				DEBUG_INFORMATION_FORMAT = dwarf;
				ENABLE_STRICT_OBJC_MSGSEND = YES;
				ENABLE_TESTABILITY = YES;
				GCC_C_LANGUAGE_STANDARD = gnu99;
				GCC_DYNAMIC_NO_PIC = NO;
				GCC_NO_COMMON_BLOCKS = YES;
				GCC_OPTIMIZATION_LEVEL = 0;
				GCC_PREPROCESSOR_DEFINITIONS = (
					"DEBUG=1",
					"$(inherited)",
				);
				GCC_WARN_64_TO_32_BIT_CONVERSION = YES;
				GCC_WARN_ABOUT_RETURN_TYPE = YES_ERROR;
				GCC_WARN_UNDECLARED_SELECTOR = YES;
				GCC_WARN_UNINITIALIZED_AUTOS = YES_AGGRESSIVE;
				GCC_WARN_UNUSED_FUNCTION = YES;
				GCC_WARN_UNUSED_VARIABLE = YES;
				IPHONEOS_DEPLOYMENT_TARGET = 10.1;
				MTL_ENABLE_DEBUG_INFO = YES;
				ONLY_ACTIVE_ARCH = YES;
				SDKROOT = iphoneos;
				SWIFT_ACTIVE_COMPILATION_CONDITIONS = DEBUG;
				SWIFT_OPTIMIZATION_LEVEL = "-Onone";
				TARGETED_DEVICE_FAMILY = "1,2";
			};
			name = Debug;
		};
		692781CD1DE2C21600D27B5E /* Release */ = {
			isa = XCBuildConfiguration;
			buildSettings = {
				ALWAYS_SEARCH_USER_PATHS = NO;
				CLANG_ANALYZER_NONNULL = YES;
				CLANG_CXX_LANGUAGE_STANDARD = "gnu++0x";
				CLANG_CXX_LIBRARY = "libc++";
				CLANG_ENABLE_MODULES = YES;
				CLANG_ENABLE_OBJC_ARC = YES;
				CLANG_WARN_BOOL_CONVERSION = YES;
				CLANG_WARN_CONSTANT_CONVERSION = YES;
				CLANG_WARN_DIRECT_OBJC_ISA_USAGE = YES_ERROR;
				CLANG_WARN_DOCUMENTATION_COMMENTS = YES;
				CLANG_WARN_EMPTY_BODY = YES;
				CLANG_WARN_ENUM_CONVERSION = YES;
				CLANG_WARN_INFINITE_RECURSION = YES;
				CLANG_WARN_INT_CONVERSION = YES;
				CLANG_WARN_OBJC_ROOT_CLASS = YES_ERROR;
				CLANG_WARN_SUSPICIOUS_MOVES = YES;
				CLANG_WARN_UNREACHABLE_CODE = YES;
				CLANG_WARN__DUPLICATE_METHOD_MATCH = YES;
				"CODE_SIGN_IDENTITY[sdk=iphoneos*]" = "iPhone Developer";
				COPY_PHASE_STRIP = NO;
				DEBUG_INFORMATION_FORMAT = "dwarf-with-dsym";
				ENABLE_NS_ASSERTIONS = NO;
				ENABLE_STRICT_OBJC_MSGSEND = YES;
				GCC_C_LANGUAGE_STANDARD = gnu99;
				GCC_NO_COMMON_BLOCKS = YES;
				GCC_WARN_64_TO_32_BIT_CONVERSION = YES;
				GCC_WARN_ABOUT_RETURN_TYPE = YES_ERROR;
				GCC_WARN_UNDECLARED_SELECTOR = YES;
				GCC_WARN_UNINITIALIZED_AUTOS = YES_AGGRESSIVE;
				GCC_WARN_UNUSED_FUNCTION = YES;
				GCC_WARN_UNUSED_VARIABLE = YES;
				IPHONEOS_DEPLOYMENT_TARGET = 10.1;
				MTL_ENABLE_DEBUG_INFO = NO;
				SDKROOT = iphoneos;
				SWIFT_OPTIMIZATION_LEVEL = "-Owholemodule";
				TARGETED_DEVICE_FAMILY = "1,2";
				VALIDATE_PRODUCT = YES;
			};
			name = Release;
		};
		692781CF1DE2C21600D27B5E /* Debug */ = {
			isa = XCBuildConfiguration;
			buildSettings = {
				ASSETCATALOG_COMPILER_APPICON_NAME = AppIcon;
				INFOPLIST_FILE = MyNotes/Info.plist;
				IPHONEOS_DEPLOYMENT_TARGET = 9.0;
				LD_RUNPATH_SEARCH_PATHS = "$(inherited) @executable_path/Frameworks";
				PRODUCT_BUNDLE_IDENTIFIER = com.jkh.MyNotes;
				PRODUCT_NAME = "$(TARGET_NAME)";
				SWIFT_VERSION = 3.0;
			};
			name = Debug;
		};
		692781D01DE2C21600D27B5E /* Release */ = {
			isa = XCBuildConfiguration;
			buildSettings = {
				ASSETCATALOG_COMPILER_APPICON_NAME = AppIcon;
				INFOPLIST_FILE = MyNotes/Info.plist;
				IPHONEOS_DEPLOYMENT_TARGET = 9.0;
				LD_RUNPATH_SEARCH_PATHS = "$(inherited) @executable_path/Frameworks";
				PRODUCT_BUNDLE_IDENTIFIER = com.jkh.MyNotes;
				PRODUCT_NAME = "$(TARGET_NAME)";
				SWIFT_VERSION = 3.0;
			};
			name = Release;
		};
/* End XCBuildConfiguration section */

/* Begin XCConfigurationList section */
		692781B41DE2C21600D27B5E /* Build configuration list for PBXProject "MyNotes" */ = {
			isa = XCConfigurationList;
			buildConfigurations = (
				692781CC1DE2C21600D27B5E /* Debug */,
				692781CD1DE2C21600D27B5E /* Release */,
			);
			defaultConfigurationIsVisible = 0;
			defaultConfigurationName = Release;
		};
		692781CE1DE2C21600D27B5E /* Build configuration list for PBXNativeTarget "MyNotes" */ = {
			isa = XCConfigurationList;
			buildConfigurations = (
				692781CF1DE2C21600D27B5E /* Debug */,
				692781D01DE2C21600D27B5E /* Release */,
			);
			defaultConfigurationIsVisible = 0;
			defaultConfigurationName = Release;
		};
/* End XCConfigurationList section */

/* Begin XCVersionGroup section */
		692781C31DE2C21600D27B5E /* MyNotes.xcdatamodeld */ = {
			isa = XCVersionGroup;
			children = (
				692781C41DE2C21600D27B5E /* MyNotes.xcdatamodel */,
			);
			currentVersion = 692781C41DE2C21600D27B5E /* MyNotes.xcdatamodel */;
			path = MyNotes.xcdatamodeld;
			sourceTree = "<group>";
			versionGroupType = wrapper.xcdatamodel;
		};
/* End XCVersionGroup section */
	};
	rootObject = 692781B11DE2C21600D27B5E /* Project object */;
}
